<Solution>
  <Project Path="BusinessObject/BusinessObject.csproj" Id="6203fba6-a576-4f02-aecc-40fd4749deab" />
  <Project Path="DataAccessLayer/DataAccessLayer.csproj" />
  <Project Path="MoneyFlowApp/MoneyFlowApp.csproj" />
  <Project Path="Repositories/Repositories.csproj" Id="aaf3807a-6985-41a9-a80d-e202efc131ec" />
  <Project Path="Service/Service.csproj" />
</Solution>
